
Microsoft Visual Studio Solution File, Format Version 12.00
# Visual Studio Version 17
VisualStudioVersion = 17.10.35122.118
MinimumVisualStudioVersion = 10.0.40219.1
Project("{FAE04EC0-301F-11D3-BF4B-00C04F79EFBC}") = "BlazorApp", "BlazorApp\BlazorApp\BlazorApp.csproj", "{95661FE9-D6EF-4AFD-8DB9-68E1A3361FB5}"
EndProject
Project("{FAE04EC0-301F-11D3-BF4B-00C04F79EFBC}") = "BlazorApp.Client", "BlazorApp\BlazorApp.Client\BlazorApp.Client.csproj", "{622176BD-009A-4E17-B053-DDB0D075ED27}"
EndProject
Global
	GlobalSection(SolutionConfigurationPlatforms) = preSolution
		Debug|Any CPU = Debug|Any CPU
		Release|Any CPU = Release|Any CPU
	EndGlobalSection
	GlobalSection(ProjectConfigurationPlatforms) = postSolution
		{95661FE9-D6EF-4AFD-8DB9-68E1A3361FB5}.Debug|Any CPU.ActiveCfg = Debug|Any CPU
		{95661FE9-D6EF-4AFD-8DB9-68E1A3361FB5}.Debug|Any CPU.Build.0 = Debug|Any CPU
		{95661FE9-D6EF-4AFD-8DB9-68E1A3361FB5}.Release|Any CPU.ActiveCfg = Release|Any CPU
		{95661FE9-D6EF-4AFD-8DB9-68E1A3361FB5}.Release|Any CPU.Build.0 = Release|Any CPU
		{622176BD-009A-4E17-B053-DDB0D075ED27}.Debug|Any CPU.ActiveCfg = Debug|Any CPU
		{622176BD-009A-4E17-B053-DDB0D075ED27}.Debug|Any CPU.Build.0 = Debug|Any CPU
		{622176BD-009A-4E17-B053-DDB0D075ED27}.Release|Any CPU.ActiveCfg = Release|Any CPU
		{622176BD-009A-4E17-B053-DDB0D075ED27}.Release|Any CPU.Build.0 = Release|Any CPU
	EndGlobalSection
	GlobalSection(SolutionProperties) = preSolution
		HideSolutionNode = FALSE
	EndGlobalSection
	GlobalSection(ExtensibilityGlobals) = postSolution
		SolutionGuid = {01F32AFD-7C3F-4C00-BE3A-9EAAD24B5FB6}
	EndGlobalSection
EndGlobal
